Microsoft Visual Studio Solution File, Format Version 11.00
# Visual Studio 2008

Project("{4DA778D7-E115-16C8-96AB-E472A9F8A5ED}") = "My-Project", "Assembly-CSharp.csproj", "{63B10F76-CA03-BE35-FA50-B39BDD32FA29}"
EndProject
Global
	GlobalSection(SolutionConfigurationPlatforms) = preSolution
		Debug|Any CPU = Debug|Any CPU
		Release|Any CPU = Release|Any CPU
	EndGlobalSection
	GlobalSection(ProjectConfigurationPlatforms) = postSolution
		{63B10F76-CA03-BE35-FA50-B39BDD32FA29}.Debug|Any CPU.ActiveCfg = Debug|Any CPU
		{63B10F76-CA03-BE35-FA50-B39BDD32FA29}.Debug|Any CPU.Build.0 = Debug|Any CPU
		{63B10F76-CA03-BE35-FA50-B39BDD32FA29}.Release|Any CPU.ActiveCfg = Release|Any CPU
		{63B10F76-CA03-BE35-FA50-B39BDD32FA29}.Release|Any CPU.Build.0 = Release|Any CPU
	EndGlobalSection
	GlobalSection(SolutionProperties) = preSolution
		HideSolutionNode = FALSE
	EndGlobalSection
	GlobalSection(MonoDevelopProperties) = preSolution
		StartupItem = Assembly-CSharp.csproj
	EndGlobalSection
EndGlobal
